// !$*UTF8*$!
{
	archiveVersion = 1;
	classes = {
	};
	objectVersion = 46;
	objects = {

/* Begin PBXBuildFile section */
		180067211D47750C00C8F887 /* main.m in Sources */ = {isa = PBXBuildFile; fileRef = 180067201D47750C00C8F887 /* main.m */; };
		180067241D47750C00C8F887 /* AppDelegate.m in Sources */ = {isa = PBXBuildFile; fileRef = 180067231D47750C00C8F887 /* AppDelegate.m */; };
		180067271D47750C00C8F887 /* ViewController.m in Sources */ = {isa = PBXBuildFile; fileRef = 180067261D47750C00C8F887 /* ViewController.m */; };
		1800672A1D47750C00C8F887 /* Main.storyboard in Resources */ = {isa = PBXBuildFile; fileRef = 180067281D47750C00C8F887 /* Main.storyboard */; };
		1800672C1D47750C00C8F887 /* Assets.xcassets in Resources */ = {isa = PBXBuildFile; fileRef = 1800672B1D47750C00C8F887 /* Assets.xcassets */; };
		1800672F1D47750C00C8F887 /* LaunchScreen.storyboard in Resources */ = {isa = PBXBuildFile; fileRef = 1800672D1D47750C00C8F887 /* LaunchScreen.storyboard */; };
		181E69541D49F1AF00EB231C /* ActivityTableViewCell.m in Sources */ = {isa = PBXBuildFile; fileRef = 18723D2A1D49E27700F3320E /* ActivityTableViewCell.m */; };
		183C9DA61D49F2A700AF1900 /* ActivityTableViewCell.xib in Resources */ = {isa = PBXBuildFile; fileRef = 18723D2B1D49E27700F3320E /* ActivityTableViewCell.xib */; };
		185198DD1D4EED2B004788A9 /* textTableViewCell.m in Sources */ = {isa = PBXBuildFile; fileRef = 185198DB1D4EED2B004788A9 /* textTableViewCell.m */; };
		185198DE1D4EED2B004788A9 /* textTableViewCell.xib in Resources */ = {isa = PBXBuildFile; fileRef = 185198DC1D4EED2B004788A9 /* textTableViewCell.xib */; };
		185198E21D4F0163004788A9 /* introDuceTableViewCell.m in Sources */ = {isa = PBXBuildFile; fileRef = 185198E01D4F0163004788A9 /* introDuceTableViewCell.m */; };
		185198E31D4F0163004788A9 /* introDuceTableViewCell.xib in Resources */ = {isa = PBXBuildFile; fileRef = 185198E11D4F0163004788A9 /* introDuceTableViewCell.xib */; };
		185198E81D508986004788A9 /* dashItemTableViewCell.xib in Resources */ = {isa = PBXBuildFile; fileRef = 185198E61D508986004788A9 /* dashItemTableViewCell.xib */; };
		185198EB1D5093CA004788A9 /* dashItemTableViewCell.m in Sources */ = {isa = PBXBuildFile; fileRef = 185198EA1D5093CA004788A9 /* dashItemTableViewCell.m */; };
		185198EE1D509572004788A9 /* CommonFunction.m in Sources */ = {isa = PBXBuildFile; fileRef = 185198ED1D509572004788A9 /* CommonFunction.m */; };
		18DE11A01D4B2B350042D5F8 /* activityDetailViewController.m in Sources */ = {isa = PBXBuildFile; fileRef = 18DE119E1D4B2B350042D5F8 /* activityDetailViewController.m */; };
/* End PBXBuildFile section */

/* Begin PBXFileReference section */
		1800671C1D47750C00C8F887 /* customTableView.app */ = {isa = PBXFileReference; explicitFileType = wrapper.application; includeInIndex = 0; path = customTableView.app; sourceTree = BUILT_PRODUCTS_DIR; };
		180067201D47750C00C8F887 /* main.m */ = {isa = PBXFileReference; lastKnownFileType = sourcecode.c.objc; path = main.m; sourceTree = "<group>"; };
		180067221D47750C00C8F887 /* AppDelegate.h */ = {isa = PBXFileReference; lastKnownFileType = sourcecode.c.h; path = AppDelegate.h; sourceTree = "<group>"; };
		180067231D47750C00C8F887 /* AppDelegate.m */ = {isa = PBXFileReference; lastKnownFileType = sourcecode.c.objc; path = AppDelegate.m; sourceTree = "<group>"; };
		180067251D47750C00C8F887 /* ViewController.h */ = {isa = PBXFileReference; lastKnownFileType = sourcecode.c.h; path = ViewController.h; sourceTree = "<group>"; };
		180067261D47750C00C8F887 /* ViewController.m */ = {isa = PBXFileReference; lastKnownFileType = sourcecode.c.objc; path = ViewController.m; sourceTree = "<group>"; };
		180067291D47750C00C8F887 /* Base */ = {isa = PBXFileReference; lastKnownFileType = file.storyboard; name = Base; path = Base.lproj/Main.storyboard; sourceTree = "<group>"; };
		1800672B1D47750C00C8F887 /* Assets.xcassets */ = {isa = PBXFileReference; lastKnownFileType = folder.assetcatalog; path = Assets.xcassets; sourceTree = "<group>"; };
		1800672E1D47750C00C8F887 /* Base */ = {isa = PBXFileReference; lastKnownFileType = file.storyboard; name = Base; path = Base.lproj/LaunchScreen.storyboard; sourceTree = "<group>"; };
		180067301D47750C00C8F887 /* Info.plist */ = {isa = PBXFileReference; lastKnownFileType = text.plist.xml; path = Info.plist; sourceTree = "<group>"; };
		185198DA1D4EED2B004788A9 /* textTableViewCell.h */ = {isa = PBXFileReference; fileEncoding = 4; lastKnownFileType = sourcecode.c.h; path = textTableViewCell.h; sourceTree = "<group>"; };
		185198DB1D4EED2B004788A9 /* textTableViewCell.m */ = {isa = PBXFileReference; fileEncoding = 4; lastKnownFileType = sourcecode.c.objc; path = textTableViewCell.m; sourceTree = "<group>"; };
		185198DC1D4EED2B004788A9 /* textTableViewCell.xib */ = {isa = PBXFileReference; fileEncoding = 4; lastKnownFileType = file.xib; path = textTableViewCell.xib; sourceTree = "<group>"; };
		185198DF1D4F0163004788A9 /* introDuceTableViewCell.h */ = {isa = PBXFileReference; fileEncoding = 4; lastKnownFileType = sourcecode.c.h; path = introDuceTableViewCell.h; sourceTree = "<group>"; };
		185198E01D4F0163004788A9 /* introDuceTableViewCell.m */ = {isa = PBXFileReference; fileEncoding = 4; lastKnownFileType = sourcecode.c.objc; path = introDuceTableViewCell.m; sourceTree = "<group>"; };
		185198E11D4F0163004788A9 /* introDuceTableViewCell.xib */ = {isa = PBXFileReference; fileEncoding = 4; lastKnownFileType = file.xib; path = introDuceTableViewCell.xib; sourceTree = "<group>"; };
		185198E61D508986004788A9 /* dashItemTableViewCell.xib */ = {isa = PBXFileReference; fileEncoding = 4; lastKnownFileType = file.xib; path = dashItemTableViewCell.xib; sourceTree = "<group>"; };
		185198E91D5093BC004788A9 /* dashItemTableViewCell.h */ = {isa = PBXFileReference; fileEncoding = 4; lastKnownFileType = sourcecode.c.h; path = dashItemTableViewCell.h; sourceTree = "<group>"; };
		185198EA1D5093CA004788A9 /* dashItemTableViewCell.m */ = {isa = PBXFileReference; fileEncoding = 4; lastKnownFileType = sourcecode.c.objc; path = dashItemTableViewCell.m; sourceTree = "<group>"; };
		185198EC1D509572004788A9 /* CommonFunction.h */ = {isa = PBXFileReference; fileEncoding = 4; lastKnownFileType = sourcecode.c.h; path = CommonFunction.h; sourceTree = "<group>"; };
		185198ED1D509572004788A9 /* CommonFunction.m */ = {isa = PBXFileReference; fileEncoding = 4; lastKnownFileType = sourcecode.c.objc; path = CommonFunction.m; sourceTree = "<group>"; };
		18723D291D49E27700F3320E /* ActivityTableViewCell.h */ = {isa = PBXFileReference; fileEncoding = 4; lastKnownFileType = sourcecode.c.h; path = ActivityTableViewCell.h; sourceTree = "<group>"; };
		18723D2A1D49E27700F3320E /* ActivityTableViewCell.m */ = {isa = PBXFileReference; fileEncoding = 4; lastKnownFileType = sourcecode.c.objc; path = ActivityTableViewCell.m; sourceTree = "<group>"; };
		18723D2B1D49E27700F3320E /* ActivityTableViewCell.xib */ = {isa = PBXFileReference; fileEncoding = 4; lastKnownFileType = file.xib; path = ActivityTableViewCell.xib; sourceTree = "<group>"; };
		18DE119E1D4B2B350042D5F8 /* activityDetailViewController.m */ = {isa = PBXFileReference; fileEncoding = 4; lastKnownFileType = sourcecode.c.objc; path = activityDetailViewController.m; sourceTree = "<group>"; };
		18DE119F1D4B2B350042D5F8 /* activityDetailViewController.h */ = {isa = PBXFileReference; fileEncoding = 4; lastKnownFileType = sourcecode.c.h; path = activityDetailViewController.h; sourceTree = "<group>"; };
/* End PBXFileReference section */

/* Begin PBXFrameworksBuildPhase section */
		180067191D47750C00C8F887 /* Frameworks */ = {
			isa = PBXFrameworksBuildPhase;
			buildActionMask = 2147483647;
			files = (
			);
			runOnlyForDeploymentPostprocessing = 0;
		};
/* End PBXFrameworksBuildPhase section */

/* Begin PBXGroup section */
		180067131D47750C00C8F887 = {
			isa = PBXGroup;
			children = (
				1800671E1D47750C00C8F887 /* customTableView */,
				1800671D1D47750C00C8F887 /* Products */,
			);
			sourceTree = "<group>";
		};
		1800671D1D47750C00C8F887 /* Products */ = {
			isa = PBXGroup;
			children = (
				1800671C1D47750C00C8F887 /* customTableView.app */,
			);
			name = Products;
			sourceTree = "<group>";
		};
		1800671E1D47750C00C8F887 /* customTableView */ = {
			isa = PBXGroup;
			children = (
				180067221D47750C00C8F887 /* AppDelegate.h */,
				180067231D47750C00C8F887 /* AppDelegate.m */,
				180067251D47750C00C8F887 /* ViewController.h */,
				180067261D47750C00C8F887 /* ViewController.m */,
				18723D291D49E27700F3320E /* ActivityTableViewCell.h */,
				18723D2A1D49E27700F3320E /* ActivityTableViewCell.m */,
				18723D2B1D49E27700F3320E /* ActivityTableViewCell.xib */,
				18DE119F1D4B2B350042D5F8 /* activityDetailViewController.h */,
				18DE119E1D4B2B350042D5F8 /* activityDetailViewController.m */,
				185198DA1D4EED2B004788A9 /* textTableViewCell.h */,
				185198DB1D4EED2B004788A9 /* textTableViewCell.m */,
				185198DC1D4EED2B004788A9 /* textTableViewCell.xib */,
				185198DF1D4F0163004788A9 /* introDuceTableViewCell.h */,
				185198E01D4F0163004788A9 /* introDuceTableViewCell.m */,
				185198E11D4F0163004788A9 /* introDuceTableViewCell.xib */,
				185198E91D5093BC004788A9 /* dashItemTableViewCell.h */,
				185198EA1D5093CA004788A9 /* dashItemTableViewCell.m */,
				185198E61D508986004788A9 /* dashItemTableViewCell.xib */,
				180067281D47750C00C8F887 /* Main.storyboard */,
				1800672B1D47750C00C8F887 /* Assets.xcassets */,
				1800672D1D47750C00C8F887 /* LaunchScreen.storyboard */,
				180067301D47750C00C8F887 /* Info.plist */,
				1800671F1D47750C00C8F887 /* Supporting Files */,
				185198EC1D509572004788A9 /* CommonFunction.h */,
				185198ED1D509572004788A9 /* CommonFunction.m */,
			);
			path = customTableView;
			sourceTree = "<group>";
		};
		1800671F1D47750C00C8F887 /* Supporting Files */ = {
			isa = PBXGroup;
			children = (
				180067201D47750C00C8F887 /* main.m */,
			);
			name = "Supporting Files";
			sourceTree = "<group>";
		};
/* End PBXGroup section */

/* Begin PBXNativeTarget section */
		1800671B1D47750C00C8F887 /* customTableView */ = {
			isa = PBXNativeTarget;
			buildConfigurationList = 180067331D47750C00C8F887 /* Build configuration list for PBXNativeTarget "customTableView" */;
			buildPhases = (
				180067181D47750C00C8F887 /* Sources */,
				180067191D47750C00C8F887 /* Frameworks */,
				1800671A1D47750C00C8F887 /* Resources */,
			);
			buildRules = (
			);
			dependencies = (
			);
			name = customTableView;
			productName = customTableView;
			productReference = 1800671C1D47750C00C8F887 /* customTableView.app */;
			productType = "com.apple.product-type.application";
		};
/* End PBXNativeTarget section */

/* Begin PBXProject section */
		180067141D47750C00C8F887 /* Project object */ = {
			isa = PBXProject;
			attributes = {
				LastUpgradeCheck = 0730;
				ORGANIZATIONNAME = justin;
				TargetAttributes = {
					1800671B1D47750C00C8F887 = {
						CreatedOnToolsVersion = 7.3.1;
					};
				};
			};
			buildConfigurationList = 180067171D47750C00C8F887 /* Build configuration list for PBXProject "customTableView" */;
			compatibilityVersion = "Xcode 3.2";
			developmentRegion = English;
			hasScannedForEncodings = 0;
			knownRegions = (
				en,
				Base,
			);
			mainGroup = 180067131D47750C00C8F887;
			productRefGroup = 1800671D1D47750C00C8F887 /* Products */;
			projectDirPath = "";
			projectRoot = "";
			targets = (
				1800671B1D47750C00C8F887 /* customTableView */,
			);
		};
/* End PBXProject section */

/* Begin PBXResourcesBuildPhase section */
		1800671A1D47750C00C8F887 /* Resources */ = {
			isa = PBXResourcesBuildPhase;
			buildActionMask = 2147483647;
			files = (
				1800672F1D47750C00C8F887 /* LaunchScreen.storyboard in Resources */,
				185198E31D4F0163004788A9 /* introDuceTableViewCell.xib in Resources */,
				185198E81D508986004788A9 /* dashItemTableViewCell.xib in Resources */,
				1800672C1D47750C00C8F887 /* Assets.xcassets in Resources */,
				183C9DA61D49F2A700AF1900 /* ActivityTableViewCell.xib in Resources */,
				185198DE1D4EED2B004788A9 /* textTableViewCell.xib in Resources */,
				1800672A1D47750C00C8F887 /* Main.storyboard in Resources */,
			);
			runOnlyForDeploymentPostprocessing = 0;
		};
/* End PBXResourcesBuildPhase section */

/* Begin PBXSourcesBuildPhase section */
		180067181D47750C00C8F887 /* Sources */ = {
			isa = PBXSourcesBuildPhase;
			buildActionMask = 2147483647;
			files = (
				180067271D47750C00C8F887 /* ViewController.m in Sources */,
				18DE11A01D4B2B350042D5F8 /* activityDetailViewController.m in Sources */,
				185198EE1D509572004788A9 /* CommonFunction.m in Sources */,
				185198DD1D4EED2B004788A9 /* textTableViewCell.m in Sources */,
				180067241D47750C00C8F887 /* AppDelegate.m in Sources */,
				185198EB1D5093CA004788A9 /* dashItemTableViewCell.m in Sources */,
				181E69541D49F1AF00EB231C /* ActivityTableViewCell.m in Sources */,
				185198E21D4F0163004788A9 /* introDuceTableViewCell.m in Sources */,
				180067211D47750C00C8F887 /* main.m in Sources */,
			);
			runOnlyForDeploymentPostprocessing = 0;
		};
/* End PBXSourcesBuildPhase section */

/* Begin PBXVariantGroup section */
		180067281D47750C00C8F887 /* Main.storyboard */ = {
			isa = PBXVariantGroup;
			children = (
				180067291D47750C00C8F887 /* Base */,
			);
			name = Main.storyboard;
			sourceTree = "<group>";
		};
		1800672D1D47750C00C8F887 /* LaunchScreen.storyboard */ = {
			isa = PBXVariantGroup;
			children = (
				1800672E1D47750C00C8F887 /* Base */,
			);
			name = LaunchScreen.storyboard;
			sourceTree = "<group>";
		};
/* End PBXVariantGroup section */

/* Begin XCBuildConfiguration section */
		180067311D47750C00C8F887 /* Debug */ = {
			isa = XCBuildConfiguration;
			buildSettings = {
				ALWAYS_SEARCH_USER_PATHS = NO;
				CLANG_ANALYZER_NONNULL = YES;
				CLANG_CXX_LANGUAGE_STANDARD = "gnu++0x";
				CLANG_CXX_LIBRARY = "libc++";
				CLANG_ENABLE_MODULES = YES;
				CLANG_ENABLE_OBJC_ARC = YES;
				CLANG_WARN_BOOL_CONVERSION = YES;
				CLANG_WARN_CONSTANT_CONVERSION = YES;
				CLANG_WARN_DIRECT_OBJC_ISA_USAGE = YES_ERROR;
				CLANG_WARN_EMPTY_BODY = YES;
				CLANG_WARN_ENUM_CONVERSION = YES;
				CLANG_WARN_INT_CONVERSION = YES;
				CLANG_WARN_OBJC_ROOT_CLASS = YES_ERROR;
				CLANG_WARN_UNREACHABLE_CODE = YES;
				CLANG_WARN__DUPLICATE_METHOD_MATCH = YES;
				"CODE_SIGN_IDENTITY[sdk=iphoneos*]" = "iPhone Developer";
				COPY_PHASE_STRIP = NO;
				DEBUG_INFORMATION_FORMAT = dwarf;
				ENABLE_STRICT_OBJC_MSGSEND = YES;
				ENABLE_TESTABILITY = YES;
				GCC_C_LANGUAGE_STANDARD = gnu99;
				GCC_DYNAMIC_NO_PIC = NO;
				GCC_NO_COMMON_BLOCKS = YES;
				GCC_OPTIMIZATION_LEVEL = 0;
				GCC_PREPROCESSOR_DEFINITIONS = (
					"DEBUG=1",
					"$(inherited)",
				);
				GCC_WARN_64_TO_32_BIT_CONVERSION = YES;
				GCC_WARN_ABOUT_RETURN_TYPE = YES_ERROR;
				GCC_WARN_UNDECLARED_SELECTOR = YES;
				GCC_WARN_UNINITIALIZED_AUTOS = YES_AGGRESSIVE;
				GCC_WARN_UNUSED_FUNCTION = YES;
				GCC_WARN_UNUSED_VARIABLE = YES;
				IPHONEOS_DEPLOYMENT_TARGET = 9.3;
				MTL_ENABLE_DEBUG_INFO = YES;
				ONLY_ACTIVE_ARCH = YES;
				SDKROOT = iphoneos;
			};
			name = Debug;
		};
		180067321D47750C00C8F887 /* Release */ = {
			isa = XCBuildConfiguration;
			buildSettings = {
				ALWAYS_SEARCH_USER_PATHS = NO;
				CLANG_ANALYZER_NONNULL = YES;
				CLANG_CXX_LANGUAGE_STANDARD = "gnu++0x";
				CLANG_CXX_LIBRARY = "libc++";
				CLANG_ENABLE_MODULES = YES;
				CLANG_ENABLE_OBJC_ARC = YES;
				CLANG_WARN_BOOL_CONVERSION = YES;
				CLANG_WARN_CONSTANT_CONVERSION = YES;
				CLANG_WARN_DIRECT_OBJC_ISA_USAGE = YES_ERROR;
				CLANG_WARN_EMPTY_BODY = YES;
				CLANG_WARN_ENUM_CONVERSION = YES;
				CLANG_WARN_INT_CONVERSION = YES;
				CLANG_WARN_OBJC_ROOT_CLASS = YES_ERROR;
				CLANG_WARN_UNREACHABLE_CODE = YES;
				CLANG_WARN__DUPLICATE_METHOD_MATCH = YES;
				"CODE_SIGN_IDENTITY[sdk=iphoneos*]" = "iPhone Developer";
				COPY_PHASE_STRIP = NO;
				DEBUG_INFORMATION_FORMAT = "dwarf-with-dsym";
				ENABLE_NS_ASSERTIONS = NO;
				ENABLE_STRICT_OBJC_MSGSEND = YES;
				GCC_C_LANGUAGE_STANDARD = gnu99;
				GCC_NO_COMMON_BLOCKS = YES;
				GCC_WARN_64_TO_32_BIT_CONVERSION = YES;
				GCC_WARN_ABOUT_RETURN_TYPE = YES_ERROR;
				GCC_WARN_UNDECLARED_SELECTOR = YES;
				GCC_WARN_UNINITIALIZED_AUTOS = YES_AGGRESSIVE;
				GCC_WARN_UNUSED_FUNCTION = YES;
				GCC_WARN_UNUSED_VARIABLE = YES;
				IPHONEOS_DEPLOYMENT_TARGET = 9.3;
				MTL_ENABLE_DEBUG_INFO = NO;
				SDKROOT = iphoneos;
				VALIDATE_PRODUCT = YES;
			};
			name = Release;
		};
		180067341D47750C00C8F887 /* Debug */ = {
			isa = XCBuildConfiguration;
			buildSettings = {
				ASSETCATALOG_COMPILER_APPICON_NAME = AppIcon;
				INFOPLIST_FILE = customTableView/Info.plist;
				LD_RUNPATH_SEARCH_PATHS = "$(inherited) @executable_path/Frameworks";
				PRODUCT_BUNDLE_IDENTIFIER = h2.customTableView;
				PRODUCT_NAME = "$(TARGET_NAME)";
			};
			name = Debug;
		};
		180067351D47750C00C8F887 /* Release */ = {
			isa = XCBuildConfiguration;
			buildSettings = {
				ASSETCATALOG_COMPILER_APPICON_NAME = AppIcon;
				INFOPLIST_FILE = customTableView/Info.plist;
				LD_RUNPATH_SEARCH_PATHS = "$(inherited) @executable_path/Frameworks";
				PRODUCT_BUNDLE_IDENTIFIER = h2.customTableView;
				PRODUCT_NAME = "$(TARGET_NAME)";
			};
			name = Release;
		};
/* End XCBuildConfiguration section */

/* Begin XCConfigurationList section */
		180067171D47750C00C8F887 /* Build configuration list for PBXProject "customTableView" */ = {
			isa = XCConfigurationList;
			buildConfigurations = (
				180067311D47750C00C8F887 /* Debug */,
				180067321D47750C00C8F887 /* Release */,
			);
			defaultConfigurationIsVisible = 0;
			defaultConfigurationName = Release;
		};
		180067331D47750C00C8F887 /* Build configuration list for PBXNativeTarget "customTableView" */ = {
			isa = XCConfigurationList;
			buildConfigurations = (
				180067341D47750C00C8F887 /* Debug */,
				180067351D47750C00C8F887 /* Release */,
			);
			defaultConfigurationIsVisible = 0;
			defaultConfigurationName = Release;
		};
/* End XCConfigurationList section */
	};
	rootObject = 180067141D47750C00C8F887 /* Project object */;
}
